<?xml version="1.0" encoding="utf-8"?>
<Project ToolsVersion="4.0" xmlns="http://schemas.microsoft.com/developer/msbuild/2003">
  <ItemGroup>
    <Filter Include="Source Files">
      <UniqueIdentifier>{4FC737F1-C7A5-4376-A066-2A32D752A2FF}</UniqueIdentifier>
      <Extensions>cpp;c;cc;cxx;def;odl;idl;hpj;bat;asm;asmx</Extensions>
    </Filter>
    <Filter Include="Header Files">
      <UniqueIdentifier>{93995380-89BD-4b04-88EB-625FBE52EBFB}</UniqueIdentifier>
      <Extensions>h;hh;hpp;hxx;hm;inl;inc;xsd</Extensions>
    </Filter>
    <Filter Include="Resource Files">
      <UniqueIdentifier>{67DA6AB6-F800-4c08-8B7A-83BB121AAD01}</UniqueIdentifier>
      <Extensions>rc;ico;cur;bmp;dlg;rc2;rct;bin;rgs;gif;jpg;jpeg;jpe;resx;tiff;tif;png;wav;mfcribbon-ms</Extensions>
    </Filter>
  </ItemGroup>
  <ItemGroup>
    <ClInclude Include="Engine\Core\IManager.h">
      <Filter>Header Files</Filter>
    </ClInclude>
    <ClInclude Include="Engine\Events\EventManager.h">
      <Filter>Header Files</Filter>
    </ClInclude>
    <ClInclude Include="Engine\Events\IEventHandler.h">
      <Filter>Header Files</Filter>
    </ClInclude>
    <ClInclude Include="Engine\Input\StandardInputController.h">
      <Filter>Header Files</Filter>
    </ClInclude>
    <ClInclude Include="Engine\Loader\ObjLoader\ObjLoader.h">
      <Filter>Header Files</Filter>
    </ClInclude>
    <ClInclude Include="Engine\Loader\FileLoader.h">
      <Filter>Header Files</Filter>
    </ClInclude>
    <ClInclude Include="Engine\Rendering\RenderingHelper.h">
      <Filter>Header Files</Filter>
    </ClInclude>
    <ClInclude Include="Engine\Resources\ResourceInfo.h">
      <Filter>Header Files</Filter>
    </ClInclude>
    <ClInclude Include="Engine\Resources\ResourceManager.h">
      <Filter>Header Files</Filter>
    </ClInclude>
    <ClInclude Include="Engine\System\Config\Include\IncludeAssimp.h">
      <Filter>Header Files</Filter>
    </ClInclude>
    <ClInclude Include="Engine\System\Config\Include\IncludeGLM.h">
      <Filter>Header Files</Filter>
    </ClInclude>
    <ClInclude Include="Engine\System\Config\Include\IncludeOpenGL.h">
      <Filter>Header Files</Filter>
    </ClInclude>
    <ClInclude Include="Engine\System\Config\Include\IncludeSDL.h">
      <Filter>Header Files</Filter>
    </ClInclude>
    <ClInclude Include="Engine\System\Config\Platform.h">
      <Filter>Header Files</Filter>
    </ClInclude>
    <ClInclude Include="Engine\System\Resource\Asset\Parser\Image\ImageAssetParsed.h">
      <Filter>Header Files</Filter>
    </ClInclude>
    <ClInclude Include="Engine\System\Resource\Asset\Parser\Image\ImageAssetParser.h">
      <Filter>Header Files</Filter>
    </ClInclude>
    <ClInclude Include="Engine\System\Resource\Asset\Parser\MTL\MtlAssetParsed.h">
      <Filter>Header Files</Filter>
    </ClInclude>
    <ClInclude Include="Engine\System\Resource\Asset\Parser\MTL\MtlAssetParser.h">
      <Filter>Header Files</Filter>
    </ClInclude>
    <ClInclude Include="Engine\System\Resource\Asset\Parser\Shader\ShaderAssetParsed.h">
      <Filter>Header Files</Filter>
    </ClInclude>
    <ClInclude Include="Engine\System\Resource\Asset\Parser\Shader\ShaderAssetParser.h">
      <Filter>Header Files</Filter>
    </ClInclude>
    <ClInclude Include="Engine\System\Resource\Asset\Parser\AssetInfo.h">
      <Filter>Header Files</Filter>
    </ClInclude>
    <ClInclude Include="Engine\System\Resource\Asset\Parser\AssetParsed.h">
      <Filter>Header Files</Filter>
    </ClInclude>
    <ClInclude Include="Engine\System\Resource\Asset\Parser\AssetParser.h">
      <Filter>Header Files</Filter>
    </ClInclude>
    <ClInclude Include="Engine\System\Resource\Asset\Parser\AssetToParse.h">
      <Filter>Header Files</Filter>
    </ClInclude>
    <ClInclude Include="Engine\System\Resource\Asset\Asset.h">
      <Filter>Header Files</Filter>
    </ClInclude>
    <ClInclude Include="Engine\System\Resource\Asset\AssetLoader.h">
      <Filter>Header Files</Filter>
    </ClInclude>
    <ClInclude Include="Engine\System\Resource\Asset\AssetParsingManager.h">
      <Filter>Header Files</Filter>
    </ClInclude>
    <ClInclude Include="Engine\System\Resource\Asset\Assets.h">
      <Filter>Header Files</Filter>
    </ClInclude>
    <ClInclude Include="Engine\System\Resource\Asset\SpecificAssets.h">
      <Filter>Header Files</Filter>
    </ClInclude>
    <ClInclude Include="Engine\System\Resource\Component\Component.h">
      <Filter>Header Files</Filter>
    </ClInclude>
    <ClInclude Include="Engine\System\Resource\Component\ComponentLoader.h">
      <Filter>Header Files</Filter>
    </ClInclude>
    <ClInclude Include="Engine\System\Resource\Component\ComponentPool.h">
      <Filter>Header Files</Filter>
    </ClInclude>
    <ClInclude Include="Engine\System\Resource\Component\Components.h">
      <Filter>Header Files</Filter>
    </ClInclude>
    <ClInclude Include="Engine\System\Resource\GameObject.h">
      <Filter>Header Files</Filter>
    </ClInclude>
    <ClInclude Include="Engine\System\Resource\Object.h">
      <Filter>Header Files</Filter>
    </ClInclude>
    <ClInclude Include="Engine\System\Resource\ResourceData.h">
      <Filter>Header Files</Filter>
    </ClInclude>
    <ClInclude Include="Engine\System\Resource\ResourceLoader.h">
      <Filter>Header Files</Filter>
    </ClInclude>
    <ClInclude Include="Engine\System\Subsystem\Rendering\Asset\Mesh\Mesh.h">
      <Filter>Header Files</Filter>
    </ClInclude>
    <ClInclude Include="Engine\System\Subsystem\Rendering\Asset\Mesh\ObjModel.h">
      <Filter>Header Files</Filter>
    </ClInclude>
    <ClInclude Include="Engine\System\Subsystem\Rendering\Asset\Mesh\Vertex.h">
      <Filter>Header Files</Filter>
    </ClInclude>
    <ClInclude Include="Engine\System\Subsystem\Rendering\Asset\MtlMaterial.h">
      <Filter>Header Files</Filter>
    </ClInclude>
    <ClInclude Include="Engine\System\Subsystem\Rendering\Asset\Shader.h">
      <Filter>Header Files</Filter>
    </ClInclude>
    <ClInclude Include="Engine\System\Subsystem\Rendering\Asset\Texture.h">
      <Filter>Header Files</Filter>
    </ClInclude>
    <ClInclude Include="Engine\System\Subsystem\Rendering\Component\Camera.h">
      <Filter>Header Files</Filter>
    </ClInclude>
    <ClInclude Include="Engine\System\Subsystem\Rendering\Component\Light.h">
      <Filter>Header Files</Filter>
    </ClInclude>
    <ClInclude Include="Engine\System\Subsystem\Rendering\Component\Material.h">
      <Filter>Header Files</Filter>
    </ClInclude>
    <ClInclude Include="Engine\System\Subsystem\Rendering\Component\Model.h">
      <Filter>Header Files</Filter>
    </ClInclude>
    <ClInclude Include="Engine\System\Subsystem\Rendering\Loader\MaterialLoader.h">
      <Filter>Header Files</Filter>
    </ClInclude>
    <ClInclude Include="Engine\System\Subsystem\Rendering\Loader\MeshLoader.h">
      <Filter>Header Files</Filter>
    </ClInclude>
    <ClInclude Include="Engine\System\Subsystem\Rendering\Loader\ShaderLoader.h">
      <Filter>Header Files</Filter>
    </ClInclude>
    <ClInclude Include="Engine\System\Subsystem\Rendering\Loader\TextureLoader.h">
      <Filter>Header Files</Filter>
    </ClInclude>
    <ClInclude Include="Engine\System\Subsystem\Rendering\RenderableObjects\MaterialBranch.h">
      <Filter>Header Files</Filter>
    </ClInclude>
    <ClInclude Include="Engine\System\Subsystem\Rendering\RenderableObjects\MG.h">
      <Filter>Header Files</Filter>
    </ClInclude>
    <ClInclude Include="Engine\System\Subsystem\Rendering\RenderableObjects\RenderableObjects.h">
      <Filter>Header Files</Filter>
    </ClInclude>
    <ClInclude Include="Engine\System\Subsystem\Rendering\RenderableObjects\ShaderBranch.h">
      <Filter>Header Files</Filter>
    </ClInclude>
    <ClInclude Include="Engine\System\Subsystem\Rendering\Utility\Attribute\AttributeInfo.h">
      <Filter>Header Files</Filter>
    </ClInclude>
    <ClInclude Include="Engine\System\Subsystem\Rendering\Utility\Attribute\AttributeLoader.h">
      <Filter>Header Files</Filter>
    </ClInclude>
    <ClInclude Include="Engine\System\Subsystem\Rendering\Utility\Drawing\GL3DrawingMechanism.h">
      <Filter>Header Files</Filter>
    </ClInclude>
    <ClInclude Include="Engine\System\Subsystem\Rendering\Utility\Drawing\GLES2DrawingMechanism.h">
      <Filter>Header Files</Filter>
    </ClInclude>
    <ClInclude Include="Engine\System\Subsystem\Rendering\Utility\Uniform\UniformInfo.h">
      <Filter>Header Files</Filter>
    </ClInclude>
    <ClInclude Include="Engine\System\Subsystem\Rendering\Utility\Uniform\UniformLoading.h">
      <Filter>Header Files</Filter>
    </ClInclude>
    <ClInclude Include="Engine\System\Subsystem\Rendering\Utility\DrawingMechanism.h">
      <Filter>Header Files</Filter>
    </ClInclude>
    <ClInclude Include="Engine\System\Subsystem\Rendering\RenderingConfig.h">
      <Filter>Header Files</Filter>
    </ClInclude>
    <ClInclude Include="Engine\System\Subsystem\Rendering\RenderingData.h">
      <Filter>Header Files</Filter>
    </ClInclude>
    <ClInclude Include="Engine\System\Subsystem\Rendering\RenderingSystem.h">
      <Filter>Header Files</Filter>
    </ClInclude>
    <ClInclude Include="Engine\System\Subsystem\Rendering\Window.h">
      <Filter>Header Files</Filter>
    </ClInclude>
    <ClInclude Include="Engine\System\Subsystem\ISubsystem.h">
      <Filter>Header Files</Filter>
    </ClInclude>
    <ClInclude Include="Engine\System\Subsystem\Subsystems.h">
      <Filter>Header Files</Filter>
    </ClInclude>
    <ClInclude Include="Engine\System\Utility\Containers\Pool.h">
      <Filter>Header Files</Filter>
    </ClInclude>
    <ClInclude Include="Engine\System\Utility\String\StringUtility.h">
      <Filter>Header Files</Filter>
    </ClInclude>
    <ClInclude Include="Engine\System\EngineData.h">
      <Filter>Header Files</Filter>
    </ClInclude>
    <ClInclude Include="Engine\System\EngineSystem.h">
      <Filter>Header Files</Filter>
    </ClInclude>
    <ClInclude Include="Engine\Time\TimeManager.h">
      <Filter>Header Files</Filter>
    </ClInclude>
    <ClInclude Include="Engine\Time\TimeWatch.h">
      <Filter>Header Files</Filter>
    </ClInclude>
    <ClInclude Include="Engine\Utils\ParseUtil.h">
      <Filter>Header Files</Filter>
    </ClInclude>
    <ClInclude Include="Engine\Engine.h">
      <Filter>Header Files</Filter>
    </ClInclude>
    <ClInclude Include="Engine\System\Resource\Asset\Parser\OBJ\MeshAssetParsed.h">
      <Filter>Header Files</Filter>
    </ClInclude>
    <ClInclude Include="Engine\System\Resource\Asset\Parser\OBJ\MeshAssetParser.h">
      <Filter>Header Files</Filter>
    </ClInclude>
    <ClInclude Include="Engine\System\Resource\Asset\Parser\OBJ\TinyObj\TinyObjParser.h">
      <Filter>Header Files</Filter>
    </ClInclude>
    <ClInclude Include="Engine\System\Resource\Asset\Parser\OBJ\TinyObj\TinyObjParserStructs.h">
      <Filter>Header Files</Filter>
    </ClInclude>
  </ItemGroup>
  <ItemGroup>
    <ClCompile Include="Engine\Events\EventManager.cpp">
      <Filter>Source Files</Filter>
    </ClCompile>
    <ClCompile Include="Engine\Input\StandardInputController.cpp">
      <Filter>Source Files</Filter>
    </ClCompile>
    <ClCompile Include="Engine\Loader\ObjLoader\ObjLoader.cpp">
      <Filter>Source Files</Filter>
    </ClCompile>
    <ClCompile Include="Engine\Loader\FileLoader.cpp">
      <Filter>Source Files</Filter>
    </ClCompile>
    <ClCompile Include="Engine\Rendering\RenderingHelper.cpp">
      <Filter>Source Files</Filter>
    </ClCompile>
    <ClCompile Include="Engine\Resources\ResourceManager.cpp">
      <Filter>Source Files</Filter>
    </ClCompile>
    <ClCompile Include="Engine\System\Resource\Asset\Parser\Image\ImageAssetParser.cpp">
      <Filter>Source Files</Filter>
    </ClCompile>
    <ClCompile Include="Engine\System\Resource\Asset\Parser\MTL\MtlAssetParser.cpp">
      <Filter>Source Files</Filter>
    </ClCompile>
    <ClCompile Include="Engine\System\Resource\Asset\Parser\Shader\ShaderAssetParser.cpp">
      <Filter>Source Files</Filter>
    </ClCompile>
    <ClCompile Include="Engine\System\Resource\Asset\Asset.cpp">
      <Filter>Source Files</Filter>
    </ClCompile>
    <ClCompile Include="Engine\System\Resource\Asset\AssetParsingManager.cpp">
      <Filter>Source Files</Filter>
    </ClCompile>
    <ClCompile Include="Engine\System\Resource\Component\Component.cpp">
      <Filter>Source Files</Filter>
    </ClCompile>
    <ClCompile Include="Engine\System\Resource\GameObject.cpp">
      <Filter>Source Files</Filter>
    </ClCompile>
    <ClCompile Include="Engine\System\Resource\ResourceLoader.cpp">
      <Filter>Source Files</Filter>
    </ClCompile>
    <ClCompile Include="Engine\System\Subsystem\Rendering\Asset\Mesh\Mesh.cpp">
      <Filter>Source Files</Filter>
    </ClCompile>
    <ClCompile Include="Engine\System\Subsystem\Rendering\Asset\Mesh\ObjModel.cpp">
      <Filter>Source Files</Filter>
    </ClCompile>
    <ClCompile Include="Engine\System\Subsystem\Rendering\Asset\MtlMaterial.cpp">
      <Filter>Source Files</Filter>
    </ClCompile>
    <ClCompile Include="Engine\System\Subsystem\Rendering\Asset\Shader.cpp">
      <Filter>Source Files</Filter>
    </ClCompile>
    <ClCompile Include="Engine\System\Subsystem\Rendering\Asset\Texture.cpp">
      <Filter>Source Files</Filter>
    </ClCompile>
    <ClCompile Include="Engine\System\Subsystem\Rendering\Component\Camera.cpp">
      <Filter>Source Files</Filter>
    </ClCompile>
    <ClCompile Include="Engine\System\Subsystem\Rendering\Component\Light.cpp">
      <Filter>Source Files</Filter>
    </ClCompile>
    <ClCompile Include="Engine\System\Subsystem\Rendering\Component\Material.cpp">
      <Filter>Source Files</Filter>
    </ClCompile>
    <ClCompile Include="Engine\System\Subsystem\Rendering\Component\Model.cpp">
      <Filter>Source Files</Filter>
    </ClCompile>
    <ClCompile Include="Engine\System\Subsystem\Rendering\Loader\MaterialLoader.cpp">
      <Filter>Source Files</Filter>
    </ClCompile>
    <ClCompile Include="Engine\System\Subsystem\Rendering\Loader\MeshLoader.cpp">
      <Filter>Source Files</Filter>
    </ClCompile>
    <ClCompile Include="Engine\System\Subsystem\Rendering\Loader\ShaderLoader.cpp">
      <Filter>Source Files</Filter>
    </ClCompile>
    <ClCompile Include="Engine\System\Subsystem\Rendering\Loader\TextureLoader.cpp">
      <Filter>Source Files</Filter>
    </ClCompile>
    <ClCompile Include="Engine\System\Subsystem\Rendering\Utility\Attribute\AttributeLoader.cpp">
      <Filter>Source Files</Filter>
    </ClCompile>
    <ClCompile Include="Engine\System\Subsystem\Rendering\Utility\Drawing\GL3DrawingMechanism.cpp">
      <Filter>Source Files</Filter>
    </ClCompile>
    <ClCompile Include="Engine\System\Subsystem\Rendering\Utility\Drawing\GLES2DrawingMechanism.cpp">
      <Filter>Source Files</Filter>
    </ClCompile>
    <ClCompile Include="Engine\System\Subsystem\Rendering\Utility\Uniform\UniformLoading.cpp">
      <Filter>Source Files</Filter>
    </ClCompile>
    <ClCompile Include="Engine\System\Subsystem\Rendering\RenderingSystem.cpp">
      <Filter>Source Files</Filter>
    </ClCompile>
    <ClCompile Include="Engine\System\Subsystem\Rendering\Window.cpp">
      <Filter>Source Files</Filter>
    </ClCompile>
    <ClCompile Include="Engine\System\Utility\String\StringUtility.cpp">
      <Filter>Source Files</Filter>
    </ClCompile>
    <ClCompile Include="Engine\Time\TimeManager.cpp">
      <Filter>Source Files</Filter>
    </ClCompile>
    <ClCompile Include="Engine\Time\TimeWatch.cpp">
      <Filter>Source Files</Filter>
    </ClCompile>
    <ClCompile Include="Engine\Utils\ParseUtil.cpp">
      <Filter>Source Files</Filter>
    </ClCompile>
    <ClCompile Include="Engine\Engine.cpp">
      <Filter>Source Files</Filter>
    </ClCompile>
    <ClCompile Include="Engine\System\Resource\Asset\Parser\OBJ\MeshAssetParser.cpp">
      <Filter>Source Files</Filter>
    </ClCompile>
    <ClCompile Include="Engine\System\Resource\Asset\Parser\OBJ\TinyObj\TinyObjParser.cpp">
      <Filter>Source Files</Filter>
    </ClCompile>
  </ItemGroup>
</Project>